// !$*UTF8*$!
{
	archiveVersion = 1;
	classes = {
	};
	objectVersion = 46;
	objects = {

/* Begin PBXBuildFile section */
		A622164D1930CD2400922217 /* Foundation.framework in Frameworks */ = {isa = PBXBuildFile; fileRef = A622164C1930CD2400922217 /* Foundation.framework */; };
		A622164F1930CD2400922217 /* CoreGraphics.framework in Frameworks */ = {isa = PBXBuildFile; fileRef = A622164E1930CD2400922217 /* CoreGraphics.framework */; };
		A62216511930CD2500922217 /* UIKit.framework in Frameworks */ = {isa = PBXBuildFile; fileRef = A62216501930CD2500922217 /* UIKit.framework */; };
		A62216571930CD2500922217 /* InfoPlist.strings in Resources */ = {isa = PBXBuildFile; fileRef = A62216551930CD2500922217 /* InfoPlist.strings */; };
		A62216591930CD2500922217 /* main.m in Sources */ = {isa = PBXBuildFile; fileRef = A62216581930CD2500922217 /* main.m */; };
		A622165D1930CD2500922217 /* AHKAppDelegate.m in Sources */ = {isa = PBXBuildFile; fileRef = A622165C1930CD2500922217 /* AHKAppDelegate.m */; };
		A62216601930CD2500922217 /* Main.storyboard in Resources */ = {isa = PBXBuildFile; fileRef = A622165E1930CD2500922217 /* Main.storyboard */; };
		A62216631930CD2500922217 /* AHKViewController.m in Sources */ = {isa = PBXBuildFile; fileRef = A62216621930CD2500922217 /* AHKViewController.m */; };
		A62216651930CD2500922217 /* Images.xcassets in Resources */ = {isa = PBXBuildFile; fileRef = A62216641930CD2500922217 /* Images.xcassets */; };
		A622166C1930CD2500922217 /* XCTest.framework in Frameworks */ = {isa = PBXBuildFile; fileRef = A622166B1930CD2500922217 /* XCTest.framework */; };
		A622166D1930CD2500922217 /* Foundation.framework in Frameworks */ = {isa = PBXBuildFile; fileRef = A622164C1930CD2400922217 /* Foundation.framework */; };
		A622166E1930CD2500922217 /* UIKit.framework in Frameworks */ = {isa = PBXBuildFile; fileRef = A62216501930CD2500922217 /* UIKit.framework */; };
		A62216761930CD2500922217 /* InfoPlist.strings in Resources */ = {isa = PBXBuildFile; fileRef = A62216741930CD2500922217 /* InfoPlist.strings */; };
		A62216781930CD2500922217 /* AHKSliderExampleTests.m in Sources */ = {isa = PBXBuildFile; fileRef = A62216771930CD2500922217 /* AHKSliderExampleTests.m */; };
		A62216841930CD5100922217 /* AHKSlider.m in Sources */ = {isa = PBXBuildFile; fileRef = A62216831930CD5100922217 /* AHKSlider.m */; };
/* End PBXBuildFile section */

/* Begin PBXContainerItemProxy section */
		A622166F1930CD2500922217 /* PBXContainerItemProxy */ = {
			isa = PBXContainerItemProxy;
			containerPortal = A62216411930CD2400922217 /* Project object */;
			proxyType = 1;
			remoteGlobalIDString = A62216481930CD2400922217;
			remoteInfo = AHKSliderExample;
		};
/* End PBXContainerItemProxy section */

/* Begin PBXFileReference section */
		A62216491930CD2400922217 /* AHKSliderExample.app */ = {isa = PBXFileReference; explicitFileType = wrapper.application; includeInIndex = 0; path = AHKSliderExample.app; sourceTree = BUILT_PRODUCTS_DIR; };
		A622164C1930CD2400922217 /* Foundation.framework */ = {isa = PBXFileReference; lastKnownFileType = wrapper.framework; name = Foundation.framework; path = System/Library/Frameworks/Foundation.framework; sourceTree = SDKROOT; };
		A622164E1930CD2400922217 /* CoreGraphics.framework */ = {isa = PBXFileReference; lastKnownFileType = wrapper.framework; name = CoreGraphics.framework; path = System/Library/Frameworks/CoreGraphics.framework; sourceTree = SDKROOT; };
		A62216501930CD2500922217 /* UIKit.framework */ = {isa = PBXFileReference; lastKnownFileType = wrapper.framework; name = UIKit.framework; path = System/Library/Frameworks/UIKit.framework; sourceTree = SDKROOT; };
		A62216541930CD2500922217 /* AHKSliderExample-Info.plist */ = {isa = PBXFileReference; lastKnownFileType = text.plist.xml; path = "AHKSliderExample-Info.plist"; sourceTree = "<group>"; };
		A62216561930CD2500922217 /* en */ = {isa = PBXFileReference; lastKnownFileType = text.plist.strings; name = en; path = en.lproj/InfoPlist.strings; sourceTree = "<group>"; };
		A62216581930CD2500922217 /* main.m */ = {isa = PBXFileReference; lastKnownFileType = sourcecode.c.objc; path = main.m; sourceTree = "<group>"; };
		A622165A1930CD2500922217 /* AHKSliderExample-Prefix.pch */ = {isa = PBXFileReference; lastKnownFileType = sourcecode.c.h; path = "AHKSliderExample-Prefix.pch"; sourceTree = "<group>"; };
		A622165B1930CD2500922217 /* AHKAppDelegate.h */ = {isa = PBXFileReference; lastKnownFileType = sourcecode.c.h; path = AHKAppDelegate.h; sourceTree = "<group>"; };
		A622165C1930CD2500922217 /* AHKAppDelegate.m */ = {isa = PBXFileReference; lastKnownFileType = sourcecode.c.objc; path = AHKAppDelegate.m; sourceTree = "<group>"; };
		A622165F1930CD2500922217 /* Base */ = {isa = PBXFileReference; lastKnownFileType = file.storyboard; name = Base; path = Base.lproj/Main.storyboard; sourceTree = "<group>"; };
		A62216611930CD2500922217 /* AHKViewController.h */ = {isa = PBXFileReference; lastKnownFileType = sourcecode.c.h; path = AHKViewController.h; sourceTree = "<group>"; };
		A62216621930CD2500922217 /* AHKViewController.m */ = {isa = PBXFileReference; lastKnownFileType = sourcecode.c.objc; path = AHKViewController.m; sourceTree = "<group>"; };
		A62216641930CD2500922217 /* Images.xcassets */ = {isa = PBXFileReference; lastKnownFileType = folder.assetcatalog; path = Images.xcassets; sourceTree = "<group>"; };
		A622166A1930CD2500922217 /* AHKSliderExampleTests.xctest */ = {isa = PBXFileReference; explicitFileType = wrapper.cfbundle; includeInIndex = 0; path = AHKSliderExampleTests.xctest; sourceTree = BUILT_PRODUCTS_DIR; };
		A622166B1930CD2500922217 /* XCTest.framework */ = {isa = PBXFileReference; lastKnownFileType = wrapper.framework; name = XCTest.framework; path = Library/Frameworks/XCTest.framework; sourceTree = DEVELOPER_DIR; };
		A62216731930CD2500922217 /* AHKSliderExampleTests-Info.plist */ = {isa = PBXFileReference; lastKnownFileType = text.plist.xml; path = "AHKSliderExampleTests-Info.plist"; sourceTree = "<group>"; };
		A62216751930CD2500922217 /* en */ = {isa = PBXFileReference; lastKnownFileType = text.plist.strings; name = en; path = en.lproj/InfoPlist.strings; sourceTree = "<group>"; };
		A62216771930CD2500922217 /* AHKSliderExampleTests.m */ = {isa = PBXFileReference; lastKnownFileType = sourcecode.c.objc; path = AHKSliderExampleTests.m; sourceTree = "<group>"; };
		A62216821930CD5100922217 /* AHKSlider.h */ = {isa = PBXFileReference; fileEncoding = 4; lastKnownFileType = sourcecode.c.h; path = AHKSlider.h; sourceTree = "<group>"; };
		A62216831930CD5100922217 /* AHKSlider.m */ = {isa = PBXFileReference; fileEncoding = 4; lastKnownFileType = sourcecode.c.objc; path = AHKSlider.m; sourceTree = "<group>"; };
/* End PBXFileReference section */

/* Begin PBXFrameworksBuildPhase section */
		A62216461930CD2400922217 /* Frameworks */ = {
			isa = PBXFrameworksBuildPhase;
			buildActionMask = 2147483647;
			files = (
				A622164F1930CD2400922217 /* CoreGraphics.framework in Frameworks */,
				A62216511930CD2500922217 /* UIKit.framework in Frameworks */,
				A622164D1930CD2400922217 /* Foundation.framework in Frameworks */,
			);
			runOnlyForDeploymentPostprocessing = 0;
		};
		A62216671930CD2500922217 /* Frameworks */ = {
			isa = PBXFrameworksBuildPhase;
			buildActionMask = 2147483647;
			files = (
				A622166C1930CD2500922217 /* XCTest.framework in Frameworks */,
				A622166E1930CD2500922217 /* UIKit.framework in Frameworks */,
				A622166D1930CD2500922217 /* Foundation.framework in Frameworks */,
			);
			runOnlyForDeploymentPostprocessing = 0;
		};
/* End PBXFrameworksBuildPhase section */

/* Begin PBXGroup section */
		A62216401930CD2400922217 = {
			isa = PBXGroup;
			children = (
				A62216521930CD2500922217 /* AHKSliderExample */,
				A62216711930CD2500922217 /* AHKSliderExampleTests */,
				A622164B1930CD2400922217 /* Frameworks */,
				A622164A1930CD2400922217 /* Products */,
			);
			sourceTree = "<group>";
		};
		A622164A1930CD2400922217 /* Products */ = {
			isa = PBXGroup;
			children = (
				A62216491930CD2400922217 /* AHKSliderExample.app */,
				A622166A1930CD2500922217 /* AHKSliderExampleTests.xctest */,
			);
			name = Products;
			sourceTree = "<group>";
		};
		A622164B1930CD2400922217 /* Frameworks */ = {
			isa = PBXGroup;
			children = (
				A622164C1930CD2400922217 /* Foundation.framework */,
				A622164E1930CD2400922217 /* CoreGraphics.framework */,
				A62216501930CD2500922217 /* UIKit.framework */,
				A622166B1930CD2500922217 /* XCTest.framework */,
			);
			name = Frameworks;
			sourceTree = "<group>";
		};
		A62216521930CD2500922217 /* AHKSliderExample */ = {
			isa = PBXGroup;
			children = (
				A622165B1930CD2500922217 /* AHKAppDelegate.h */,
				A622165C1930CD2500922217 /* AHKAppDelegate.m */,
				A62216811930CD2E00922217 /* AHKSlider */,
				A62216611930CD2500922217 /* AHKViewController.h */,
				A62216621930CD2500922217 /* AHKViewController.m */,
				A62216641930CD2500922217 /* Images.xcassets */,
				A622165E1930CD2500922217 /* Main.storyboard */,
				A62216531930CD2500922217 /* Supporting Files */,
			);
			path = AHKSliderExample;
			sourceTree = "<group>";
		};
		A62216531930CD2500922217 /* Supporting Files */ = {
			isa = PBXGroup;
			children = (
				A62216541930CD2500922217 /* AHKSliderExample-Info.plist */,
				A62216551930CD2500922217 /* InfoPlist.strings */,
				A62216581930CD2500922217 /* main.m */,
				A622165A1930CD2500922217 /* AHKSliderExample-Prefix.pch */,
			);
			name = "Supporting Files";
			sourceTree = "<group>";
		};
		A62216711930CD2500922217 /* AHKSliderExampleTests */ = {
			isa = PBXGroup;
			children = (
				A62216771930CD2500922217 /* AHKSliderExampleTests.m */,
				A62216721930CD2500922217 /* Supporting Files */,
			);
			path = AHKSliderExampleTests;
			sourceTree = "<group>";
		};
		A62216721930CD2500922217 /* Supporting Files */ = {
			isa = PBXGroup;
			children = (
				A62216731930CD2500922217 /* AHKSliderExampleTests-Info.plist */,
				A62216741930CD2500922217 /* InfoPlist.strings */,
			);
			name = "Supporting Files";
			sourceTree = "<group>";
		};
		A62216811930CD2E00922217 /* AHKSlider */ = {
			isa = PBXGroup;
			children = (
				A62216821930CD5100922217 /* AHKSlider.h */,
				A62216831930CD5100922217 /* AHKSlider.m */,
			);
			name = AHKSlider;
			path = ../../Classes;
			sourceTree = "<group>";
		};
/* End PBXGroup section */

/* Begin PBXNativeTarget section */
		A62216481930CD2400922217 /* AHKSliderExample */ = {
			isa = PBXNativeTarget;
			buildConfigurationList = A622167B1930CD2500922217 /* Build configuration list for PBXNativeTarget "AHKSliderExample" */;
			buildPhases = (
				A62216451930CD2400922217 /* Sources */,
				A62216461930CD2400922217 /* Frameworks */,
				A62216471930CD2400922217 /* Resources */,
			);
			buildRules = (
			);
			dependencies = (
			);
			name = AHKSliderExample;
			productName = AHKSliderExample;
			productReference = A62216491930CD2400922217 /* AHKSliderExample.app */;
			productType = "com.apple.product-type.application";
		};
		A62216691930CD2500922217 /* AHKSliderExampleTests */ = {
			isa = PBXNativeTarget;
			buildConfigurationList = A622167E1930CD2500922217 /* Build configuration list for PBXNativeTarget "AHKSliderExampleTests" */;
			buildPhases = (
				A62216661930CD2500922217 /* Sources */,
				A62216671930CD2500922217 /* Frameworks */,
				A62216681930CD2500922217 /* Resources */,
			);
			buildRules = (
			);
			dependencies = (
				A62216701930CD2500922217 /* PBXTargetDependency */,
			);
			name = AHKSliderExampleTests;
			productName = AHKSliderExampleTests;
			productReference = A622166A1930CD2500922217 /* AHKSliderExampleTests.xctest */;
			productType = "com.apple.product-type.bundle.unit-test";
		};
/* End PBXNativeTarget section */

/* Begin PBXProject section */
		A62216411930CD2400922217 /* Project object */ = {
			isa = PBXProject;
			attributes = {
				CLASSPREFIX = AHK;
				LastUpgradeCheck = 0510;
				ORGANIZATIONNAME = "Arkadiusz Holko";
				TargetAttributes = {
					A62216691930CD2500922217 = {
						TestTargetID = A62216481930CD2400922217;
					};
				};
			};
			buildConfigurationList = A62216441930CD2400922217 /* Build configuration list for PBXProject "AHKSliderExample" */;
			compatibilityVersion = "Xcode 3.2";
			developmentRegion = English;
			hasScannedForEncodings = 0;
			knownRegions = (
				en,
				Base,
			);
			mainGroup = A62216401930CD2400922217;
			productRefGroup = A622164A1930CD2400922217 /* Products */;
			projectDirPath = "";
			projectRoot = "";
			targets = (
				A62216481930CD2400922217 /* AHKSliderExample */,
				A62216691930CD2500922217 /* AHKSliderExampleTests */,
			);
		};
/* End PBXProject section */

/* Begin PBXResourcesBuildPhase section */
		A62216471930CD2400922217 /* Resources */ = {
			isa = PBXResourcesBuildPhase;
			buildActionMask = 2147483647;
			files = (
				A62216651930CD2500922217 /* Images.xcassets in Resources */,
				A62216571930CD2500922217 /* InfoPlist.strings in Resources */,
				A62216601930CD2500922217 /* Main.storyboard in Resources */,
			);
			runOnlyForDeploymentPostprocessing = 0;
		};
		A62216681930CD2500922217 /* Resources */ = {
			isa = PBXResourcesBuildPhase;
			buildActionMask = 2147483647;
			files = (
				A62216761930CD2500922217 /* InfoPlist.strings in Resources */,
			);
			runOnlyForDeploymentPostprocessing = 0;
		};
/* End PBXResourcesBuildPhase section */

/* Begin PBXSourcesBuildPhase section */
		A62216451930CD2400922217 /* Sources */ = {
			isa = PBXSourcesBuildPhase;
			buildActionMask = 2147483647;
			files = (
				A62216591930CD2500922217 /* main.m in Sources */,
				A62216841930CD5100922217 /* AHKSlider.m in Sources */,
				A62216631930CD2500922217 /* AHKViewController.m in Sources */,
				A622165D1930CD2500922217 /* AHKAppDelegate.m in Sources */,
			);
			runOnlyForDeploymentPostprocessing = 0;
		};
		A62216661930CD2500922217 /* Sources */ = {
			isa = PBXSourcesBuildPhase;
			buildActionMask = 2147483647;
			files = (
				A62216781930CD2500922217 /* AHKSliderExampleTests.m in Sources */,
			);
			runOnlyForDeploymentPostprocessing = 0;
		};
/* End PBXSourcesBuildPhase section */

/* Begin PBXTargetDependency section */
		A62216701930CD2500922217 /* PBXTargetDependency */ = {
			isa = PBXTargetDependency;
			target = A62216481930CD2400922217 /* AHKSliderExample */;
			targetProxy = A622166F1930CD2500922217 /* PBXContainerItemProxy */;
		};
/* End PBXTargetDependency section */

/* Begin PBXVariantGroup section */
		A62216551930CD2500922217 /* InfoPlist.strings */ = {
			isa = PBXVariantGroup;
			children = (
				A62216561930CD2500922217 /* en */,
			);
			name = InfoPlist.strings;
			sourceTree = "<group>";
		};
		A622165E1930CD2500922217 /* Main.storyboard */ = {
			isa = PBXVariantGroup;
			children = (
				A622165F1930CD2500922217 /* Base */,
			);
			name = Main.storyboard;
			sourceTree = "<group>";
		};
		A62216741930CD2500922217 /* InfoPlist.strings */ = {
			isa = PBXVariantGroup;
			children = (
				A62216751930CD2500922217 /* en */,
			);
			name = InfoPlist.strings;
			sourceTree = "<group>";
		};
/* End PBXVariantGroup section */

/* Begin XCBuildConfiguration section */
		A62216791930CD2500922217 /* Debug */ = {
			isa = XCBuildConfiguration;
			buildSettings = {
				ALWAYS_SEARCH_USER_PATHS = NO;
				CLANG_CXX_LANGUAGE_STANDARD = "gnu++0x";
				CLANG_CXX_LIBRARY = "libc++";
				CLANG_ENABLE_MODULES = YES;
				CLANG_ENABLE_OBJC_ARC = YES;
				CLANG_WARN_BOOL_CONVERSION = YES;
				CLANG_WARN_CONSTANT_CONVERSION = YES;
				CLANG_WARN_DIRECT_OBJC_ISA_USAGE = YES_ERROR;
				CLANG_WARN_EMPTY_BODY = YES;
				CLANG_WARN_ENUM_CONVERSION = YES;
				CLANG_WARN_INT_CONVERSION = YES;
				CLANG_WARN_OBJC_ROOT_CLASS = YES_ERROR;
				CLANG_WARN__DUPLICATE_METHOD_MATCH = YES;
				"CODE_SIGN_IDENTITY[sdk=iphoneos*]" = "iPhone Developer";
				COPY_PHASE_STRIP = NO;
				GCC_C_LANGUAGE_STANDARD = gnu99;
				GCC_DYNAMIC_NO_PIC = NO;
				GCC_OPTIMIZATION_LEVEL = 0;
				GCC_PREPROCESSOR_DEFINITIONS = (
					"DEBUG=1",
					"$(inherited)",
				);
				GCC_SYMBOLS_PRIVATE_EXTERN = NO;
				GCC_WARN_64_TO_32_BIT_CONVERSION = YES;
				GCC_WARN_ABOUT_RETURN_TYPE = YES_ERROR;
				GCC_WARN_UNDECLARED_SELECTOR = YES;
				GCC_WARN_UNINITIALIZED_AUTOS = YES_AGGRESSIVE;
				GCC_WARN_UNUSED_FUNCTION = YES;
				GCC_WARN_UNUSED_VARIABLE = YES;
				IPHONEOS_DEPLOYMENT_TARGET = 7.1;
				ONLY_ACTIVE_ARCH = YES;
				SDKROOT = iphoneos;
			};
			name = Debug;
		};
		A622167A1930CD2500922217 /* Release */ = {
			isa = XCBuildConfiguration;
			buildSettings = {
				ALWAYS_SEARCH_USER_PATHS = NO;
				CLANG_CXX_LANGUAGE_STANDARD = "gnu++0x";
				CLANG_CXX_LIBRARY = "libc++";
				CLANG_ENABLE_MODULES = YES;
				CLANG_ENABLE_OBJC_ARC = YES;
				CLANG_WARN_BOOL_CONVERSION = YES;
				CLANG_WARN_CONSTANT_CONVERSION = YES;
				CLANG_WARN_DIRECT_OBJC_ISA_USAGE = YES_ERROR;
				CLANG_WARN_EMPTY_BODY = YES;
				CLANG_WARN_ENUM_CONVERSION = YES;
				CLANG_WARN_INT_CONVERSION = YES;
				CLANG_WARN_OBJC_ROOT_CLASS = YES_ERROR;
				CLANG_WARN__DUPLICATE_METHOD_MATCH = YES;
				"CODE_SIGN_IDENTITY[sdk=iphoneos*]" = "iPhone Developer";
				COPY_PHASE_STRIP = YES;
				ENABLE_NS_ASSERTIONS = NO;
				GCC_C_LANGUAGE_STANDARD = gnu99;
				GCC_WARN_64_TO_32_BIT_CONVERSION = YES;
				GCC_WARN_ABOUT_RETURN_TYPE = YES_ERROR;
				GCC_WARN_UNDECLARED_SELECTOR = YES;
				GCC_WARN_UNINITIALIZED_AUTOS = YES_AGGRESSIVE;
				GCC_WARN_UNUSED_FUNCTION = YES;
				GCC_WARN_UNUSED_VARIABLE = YES;
				IPHONEOS_DEPLOYMENT_TARGET = 7.1;
				SDKROOT = iphoneos;
				VALIDATE_PRODUCT = YES;
			};
			name = Release;
		};
		A622167C1930CD2500922217 /* Debug */ = {
			isa = XCBuildConfiguration;
			buildSettings = {
				ASSETCATALOG_COMPILER_APPICON_NAME = AppIcon;
				ASSETCATALOG_COMPILER_LAUNCHIMAGE_NAME = LaunchImage;
				GCC_PRECOMPILE_PREFIX_HEADER = YES;
				GCC_PREFIX_HEADER = "AHKSliderExample/AHKSliderExample-Prefix.pch";
				INFOPLIST_FILE = "AHKSliderExample/AHKSliderExample-Info.plist";
				PRODUCT_NAME = "$(TARGET_NAME)";
				WRAPPER_EXTENSION = app;
			};
			name = Debug;
		};
		A622167D1930CD2500922217 /* Release */ = {
			isa = XCBuildConfiguration;
			buildSettings = {
				ASSETCATALOG_COMPILER_APPICON_NAME = AppIcon;
				ASSETCATALOG_COMPILER_LAUNCHIMAGE_NAME = LaunchImage;
				GCC_PRECOMPILE_PREFIX_HEADER = YES;
				GCC_PREFIX_HEADER = "AHKSliderExample/AHKSliderExample-Prefix.pch";
				INFOPLIST_FILE = "AHKSliderExample/AHKSliderExample-Info.plist";
				PRODUCT_NAME = "$(TARGET_NAME)";
				WRAPPER_EXTENSION = app;
			};
			name = Release;
		};
		A622167F1930CD2500922217 /* Debug */ = {
			isa = XCBuildConfiguration;
			buildSettings = {
				BUNDLE_LOADER = "$(BUILT_PRODUCTS_DIR)/AHKSliderExample.app/AHKSliderExample";
				FRAMEWORK_SEARCH_PATHS = (
					"$(SDKROOT)/Developer/Library/Frameworks",
					"$(inherited)",
					"$(DEVELOPER_FRAMEWORKS_DIR)",
				);
				GCC_PRECOMPILE_PREFIX_HEADER = YES;
				GCC_PREFIX_HEADER = "AHKSliderExample/AHKSliderExample-Prefix.pch";
				GCC_PREPROCESSOR_DEFINITIONS = (
					"DEBUG=1",
					"$(inherited)",
				);
				INFOPLIST_FILE = "AHKSliderExampleTests/AHKSliderExampleTests-Info.plist";
				PRODUCT_NAME = "$(TARGET_NAME)";
				TEST_HOST = "$(BUNDLE_LOADER)";
				WRAPPER_EXTENSION = xctest;
			};
			name = Debug;
		};
		A62216801930CD2500922217 /* Release */ = {
			isa = XCBuildConfiguration;
			buildSettings = {
				BUNDLE_LOADER = "$(BUILT_PRODUCTS_DIR)/AHKSliderExample.app/AHKSliderExample";
				FRAMEWORK_SEARCH_PATHS = (
					"$(SDKROOT)/Developer/Library/Frameworks",
					"$(inherited)",
					"$(DEVELOPER_FRAMEWORKS_DIR)",
				);
				GCC_PRECOMPILE_PREFIX_HEADER = YES;
				GCC_PREFIX_HEADER = "AHKSliderExample/AHKSliderExample-Prefix.pch";
				INFOPLIST_FILE = "AHKSliderExampleTests/AHKSliderExampleTests-Info.plist";
				PRODUCT_NAME = "$(TARGET_NAME)";
				TEST_HOST = "$(BUNDLE_LOADER)";
				WRAPPER_EXTENSION = xctest;
			};
			name = Release;
		};
/* End XCBuildConfiguration section */

/* Begin XCConfigurationList section */
		A62216441930CD2400922217 /* Build configuration list for PBXProject "AHKSliderExample" */ = {
			isa = XCConfigurationList;
			buildConfigurations = (
				A62216791930CD2500922217 /* Debug */,
				A622167A1930CD2500922217 /* Release */,
			);
			defaultConfigurationIsVisible = 0;
			defaultConfigurationName = Release;
		};
		A622167B1930CD2500922217 /* Build configuration list for PBXNativeTarget "AHKSliderExample" */ = {
			isa = XCConfigurationList;
			buildConfigurations = (
				A622167C1930CD2500922217 /* Debug */,
				A622167D1930CD2500922217 /* Release */,
			);
			defaultConfigurationIsVisible = 0;
		};
		A622167E1930CD2500922217 /* Build configuration list for PBXNativeTarget "AHKSliderExampleTests" */ = {
			isa = XCConfigurationList;
			buildConfigurations = (
				A622167F1930CD2500922217 /* Debug */,
				A62216801930CD2500922217 /* Release */,
			);
			defaultConfigurationIsVisible = 0;
		};
/* End XCConfigurationList section */
	};
	rootObject = A62216411930CD2400922217 /* Project object */;
}
